
Microsoft Visual Studio Solution File, Format Version 12.00
# Visual Studio 14
VisualStudioVersion = 14.0.24720.0
MinimumVisualStudioVersion = 10.0.40219.1
Project("{FAE04EC0-301F-11D3-BF4B-00C04F79EFBC}") = "ThreeOneThree.Proxima.Agent", "ThreeOneThree.Proxima.Agent\ThreeOneThree.Proxima.Agent.csproj", "{9CDC23CB-B4E7-4528-AA44-A8E6F43F465D}"
EndProject
Global
	GlobalSection(SolutionConfigurationPlatforms) = preSolution
		Debug|Any CPU = Debug|Any CPU
		Release|Any CPU = Release|Any CPU
	EndGlobalSection
	GlobalSection(ProjectConfigurationPlatforms) = postSolution
		{9CDC23CB-B4E7-4528-AA44-A8E6F43F465D}.Debug|Any CPU.ActiveCfg = Debug|Any CPU
		{9CDC23CB-B4E7-4528-AA44-A8E6F43F465D}.Debug|Any CPU.Build.0 = Debug|Any CPU
		{9CDC23CB-B4E7-4528-AA44-A8E6F43F465D}.Release|Any CPU.ActiveCfg = Release|Any CPU
		{9CDC23CB-B4E7-4528-AA44-A8E6F43F465D}.Release|Any CPU.Build.0 = Release|Any CPU
	EndGlobalSection
	GlobalSection(SolutionProperties) = preSolution
		HideSolutionNode = FALSE
	EndGlobalSection
EndGlobal
